
Microsoft Visual Studio Solution File, Format Version 12.00
# Visual Studio Version 17
VisualStudioVersion = 17.0.31903.59
MinimumVisualStudioVersion = 10.0.40219.1
Project("{2150E333-8FDC-42A3-9474-1A3956D46DE8}") = "src", "src", "{827E0CD3-B72D-47B6-A68D-7590B98EB39B}"
EndProject
Project("{FAE04EC0-301F-11D3-BF4B-00C04F79EFBC}") = "ABN.BciCommon", "src\ABN.BciCommon\ABN.BciCommon.csproj", "{0AB1B539-F40C-4381-A530-347A844DF720}"
EndProject
Project("{2150E333-8FDC-42A3-9474-1A3956D46DE8}") = "examples", "examples", "{B36A84DF-456D-A817-6EDD-3EC3E7F6E11F}"
EndProject
Project("{FAE04EC0-301F-11D3-BF4B-00C04F79EFBC}") = "SimpleGuidPipeline", "examples\SimpleGuidPipeline\SimpleGuidPipeline.csproj", "{696F1A61-309A-4AF0-AB71-49BEAF51B389}"
EndProject
Project("{2150E333-8FDC-42A3-9474-1A3956D46DE8}") = "test", "test", "{0C88DD14-F956-CE84-757C-A364CCF449FC}"
EndProject
Project("{FAE04EC0-301F-11D3-BF4B-00C04F79EFBC}") = "ABN.Tests.BciCommon.Core", "test\ABN.Tests.BciCommon.Core\ABN.Tests.BciCommon.Core.csproj", "{8850284F-C0C4-4A71-970E-5E1F541225A5}"
EndProject
Global
	GlobalSection(SolutionConfigurationPlatforms) = preSolution
		Debug|Any CPU = Debug|Any CPU
		Debug|x64 = Debug|x64
		Debug|x86 = Debug|x86
		Release|Any CPU = Release|Any CPU
		Release|x64 = Release|x64
		Release|x86 = Release|x86
	EndGlobalSection
	GlobalSection(ProjectConfigurationPlatforms) = postSolution
		{0AB1B539-F40C-4381-A530-347A844DF720}.Debug|Any CPU.ActiveCfg = Debug|Any CPU
		{0AB1B539-F40C-4381-A530-347A844DF720}.Debug|Any CPU.Build.0 = Debug|Any CPU
		{0AB1B539-F40C-4381-A530-347A844DF720}.Debug|x64.ActiveCfg = Debug|Any CPU
		{0AB1B539-F40C-4381-A530-347A844DF720}.Debug|x64.Build.0 = Debug|Any CPU
		{0AB1B539-F40C-4381-A530-347A844DF720}.Debug|x86.ActiveCfg = Debug|Any CPU
		{0AB1B539-F40C-4381-A530-347A844DF720}.Debug|x86.Build.0 = Debug|Any CPU
		{0AB1B539-F40C-4381-A530-347A844DF720}.Release|Any CPU.ActiveCfg = Release|Any CPU
		{0AB1B539-F40C-4381-A530-347A844DF720}.Release|Any CPU.Build.0 = Release|Any CPU
		{0AB1B539-F40C-4381-A530-347A844DF720}.Release|x64.ActiveCfg = Release|Any CPU
		{0AB1B539-F40C-4381-A530-347A844DF720}.Release|x64.Build.0 = Release|Any CPU
		{0AB1B539-F40C-4381-A530-347A844DF720}.Release|x86.ActiveCfg = Release|Any CPU
		{0AB1B539-F40C-4381-A530-347A844DF720}.Release|x86.Build.0 = Release|Any CPU
		{696F1A61-309A-4AF0-AB71-49BEAF51B389}.Debug|Any CPU.ActiveCfg = Debug|Any CPU
		{696F1A61-309A-4AF0-AB71-49BEAF51B389}.Debug|Any CPU.Build.0 = Debug|Any CPU
		{696F1A61-309A-4AF0-AB71-49BEAF51B389}.Debug|x64.ActiveCfg = Debug|Any CPU
		{696F1A61-309A-4AF0-AB71-49BEAF51B389}.Debug|x64.Build.0 = Debug|Any CPU
		{696F1A61-309A-4AF0-AB71-49BEAF51B389}.Debug|x86.ActiveCfg = Debug|Any CPU
		{696F1A61-309A-4AF0-AB71-49BEAF51B389}.Debug|x86.Build.0 = Debug|Any CPU
		{696F1A61-309A-4AF0-AB71-49BEAF51B389}.Release|Any CPU.ActiveCfg = Release|Any CPU
		{696F1A61-309A-4AF0-AB71-49BEAF51B389}.Release|Any CPU.Build.0 = Release|Any CPU
		{696F1A61-309A-4AF0-AB71-49BEAF51B389}.Release|x64.ActiveCfg = Release|Any CPU
		{696F1A61-309A-4AF0-AB71-49BEAF51B389}.Release|x64.Build.0 = Release|Any CPU
		{696F1A61-309A-4AF0-AB71-49BEAF51B389}.Release|x86.ActiveCfg = Release|Any CPU
		{696F1A61-309A-4AF0-AB71-49BEAF51B389}.Release|x86.Build.0 = Release|Any CPU
		{8850284F-C0C4-4A71-970E-5E1F541225A5}.Debug|Any CPU.ActiveCfg = Debug|Any CPU
		{8850284F-C0C4-4A71-970E-5E1F541225A5}.Debug|Any CPU.Build.0 = Debug|Any CPU
		{8850284F-C0C4-4A71-970E-5E1F541225A5}.Debug|x64.ActiveCfg = Debug|Any CPU
		{8850284F-C0C4-4A71-970E-5E1F541225A5}.Debug|x64.Build.0 = Debug|Any CPU
		{8850284F-C0C4-4A71-970E-5E1F541225A5}.Debug|x86.ActiveCfg = Debug|Any CPU
		{8850284F-C0C4-4A71-970E-5E1F541225A5}.Debug|x86.Build.0 = Debug|Any CPU
		{8850284F-C0C4-4A71-970E-5E1F541225A5}.Release|Any CPU.ActiveCfg = Release|Any CPU
		{8850284F-C0C4-4A71-970E-5E1F541225A5}.Release|Any CPU.Build.0 = Release|Any CPU
		{8850284F-C0C4-4A71-970E-5E1F541225A5}.Release|x64.ActiveCfg = Release|Any CPU
		{8850284F-C0C4-4A71-970E-5E1F541225A5}.Release|x64.Build.0 = Release|Any CPU
		{8850284F-C0C4-4A71-970E-5E1F541225A5}.Release|x86.ActiveCfg = Release|Any CPU
		{8850284F-C0C4-4A71-970E-5E1F541225A5}.Release|x86.Build.0 = Release|Any CPU
	EndGlobalSection
	GlobalSection(SolutionProperties) = preSolution
		HideSolutionNode = FALSE
	EndGlobalSection
	GlobalSection(NestedProjects) = preSolution
		{0AB1B539-F40C-4381-A530-347A844DF720} = {827E0CD3-B72D-47B6-A68D-7590B98EB39B}
		{696F1A61-309A-4AF0-AB71-49BEAF51B389} = {B36A84DF-456D-A817-6EDD-3EC3E7F6E11F}
		{8850284F-C0C4-4A71-970E-5E1F541225A5} = {0C88DD14-F956-CE84-757C-A364CCF449FC}
	EndGlobalSection
EndGlobal
